// !$*UTF8*$!
{
	archiveVersion = 1;
	classes = {
	};
	objectVersion = 46;
	objects = {

/* Begin PBXBuildFile section */
		3249C28D1913E17F00E99813 /* Foundation.framework in Frameworks */ = {isa = PBXBuildFile; fileRef = 3249C28C1913E17F00E99813 /* Foundation.framework */; };
		3249C28F1913E17F00E99813 /* CoreGraphics.framework in Frameworks */ = {isa = PBXBuildFile; fileRef = 3249C28E1913E17F00E99813 /* CoreGraphics.framework */; };
		3249C2911913E17F00E99813 /* UIKit.framework in Frameworks */ = {isa = PBXBuildFile; fileRef = 3249C2901913E17F00E99813 /* UIKit.framework */; };
		3249C2931913E17F00E99813 /* SpriteKit.framework in Frameworks */ = {isa = PBXBuildFile; fileRef = 3249C2921913E17F00E99813 /* SpriteKit.framework */; };
		3249C2991913E17F00E99813 /* InfoPlist.strings in Resources */ = {isa = PBXBuildFile; fileRef = 3249C2971913E17F00E99813 /* InfoPlist.strings */; };
		3249C29B1913E17F00E99813 /* main.m in Sources */ = {isa = PBXBuildFile; fileRef = 3249C29A1913E17F00E99813 /* main.m */; };
		3249C29F1913E17F00E99813 /* CCAppDelegate.m in Sources */ = {isa = PBXBuildFile; fileRef = 3249C29E1913E17F00E99813 /* CCAppDelegate.m */; };
		3249C2A21913E17F00E99813 /* Main.storyboard in Resources */ = {isa = PBXBuildFile; fileRef = 3249C2A01913E17F00E99813 /* Main.storyboard */; };
		3249C2A51913E17F00E99813 /* CCViewController.m in Sources */ = {isa = PBXBuildFile; fileRef = 3249C2A41913E17F00E99813 /* CCViewController.m */; };
		3249C2A81913E17F00E99813 /* CCMyScene.m in Sources */ = {isa = PBXBuildFile; fileRef = 3249C2A71913E17F00E99813 /* CCMyScene.m */; };
		3249C2AC1913E17F00E99813 /* Images.xcassets in Resources */ = {isa = PBXBuildFile; fileRef = 3249C2AB1913E17F00E99813 /* Images.xcassets */; };
		3249C2B31913E17F00E99813 /* XCTest.framework in Frameworks */ = {isa = PBXBuildFile; fileRef = 3249C2B21913E17F00E99813 /* XCTest.framework */; };
		3249C2B41913E17F00E99813 /* Foundation.framework in Frameworks */ = {isa = PBXBuildFile; fileRef = 3249C28C1913E17F00E99813 /* Foundation.framework */; };
		3249C2B51913E17F00E99813 /* UIKit.framework in Frameworks */ = {isa = PBXBuildFile; fileRef = 3249C2901913E17F00E99813 /* UIKit.framework */; };
		3249C2BD1913E17F00E99813 /* InfoPlist.strings in Resources */ = {isa = PBXBuildFile; fileRef = 3249C2BB1913E17F00E99813 /* InfoPlist.strings */; };
		3249C2BF1913E17F00E99813 /* Space_CannonTests.m in Sources */ = {isa = PBXBuildFile; fileRef = 3249C2BE1913E17F00E99813 /* Space_CannonTests.m */; };
		3249C2D51913E1FF00E99813 /* Ammo0@2x.png in Resources */ = {isa = PBXBuildFile; fileRef = 3249C2C91913E1FF00E99813 /* Ammo0@2x.png */; };
		3249C2D61913E1FF00E99813 /* Ammo1@2x.png in Resources */ = {isa = PBXBuildFile; fileRef = 3249C2CA1913E1FF00E99813 /* Ammo1@2x.png */; };
		3249C2D71913E1FF00E99813 /* Ammo2@2x.png in Resources */ = {isa = PBXBuildFile; fileRef = 3249C2CB1913E1FF00E99813 /* Ammo2@2x.png */; };
		3249C2D81913E1FF00E99813 /* Ammo3@2x.png in Resources */ = {isa = PBXBuildFile; fileRef = 3249C2CC1913E1FF00E99813 /* Ammo3@2x.png */; };
		3249C2D91913E1FF00E99813 /* Ammo4@2x.png in Resources */ = {isa = PBXBuildFile; fileRef = 3249C2CD1913E1FF00E99813 /* Ammo4@2x.png */; };
		3249C2DA1913E1FF00E99813 /* Ammo5@2x.png in Resources */ = {isa = PBXBuildFile; fileRef = 3249C2CE1913E1FF00E99813 /* Ammo5@2x.png */; };
		3249C2DB1913E1FF00E99813 /* Ball@2x.png in Resources */ = {isa = PBXBuildFile; fileRef = 3249C2CF1913E1FF00E99813 /* Ball@2x.png */; };
		3249C2DC1913E1FF00E99813 /* Block@2x.png in Resources */ = {isa = PBXBuildFile; fileRef = 3249C2D01913E1FF00E99813 /* Block@2x.png */; };
		3249C2DD1913E1FF00E99813 /* BlueBar@2x.png in Resources */ = {isa = PBXBuildFile; fileRef = 3249C2D11913E1FF00E99813 /* BlueBar@2x.png */; };
		3249C2DE1913E1FF00E99813 /* Cannon@2x.png in Resources */ = {isa = PBXBuildFile; fileRef = 3249C2D21913E1FF00E99813 /* Cannon@2x.png */; };
		3249C2DF1913E1FF00E99813 /* Halo@2x.png in Resources */ = {isa = PBXBuildFile; fileRef = 3249C2D31913E1FF00E99813 /* Halo@2x.png */; };
		3249C2E01913E1FF00E99813 /* Starfield@2x.png in Resources */ = {isa = PBXBuildFile; fileRef = 3249C2D41913E1FF00E99813 /* Starfield@2x.png */; };
		32D73ADD191BF789009761B1 /* HaloX@2x.png in Resources */ = {isa = PBXBuildFile; fileRef = 32D73ADC191BF789009761B1 /* HaloX@2x.png */; };
		32D73ADF191C01CC009761B1 /* HaloBomb@2x.png in Resources */ = {isa = PBXBuildFile; fileRef = 32D73ADE191C01CC009761B1 /* HaloBomb@2x.png */; };
		32D73AE2191C2EC9009761B1 /* ShieldUp.caf in Resources */ = {isa = PBXBuildFile; fileRef = 32D73AE1191C2EC9009761B1 /* ShieldUp.caf */; };
		32DCD684191AE42000238362 /* BallTrail.sks in Resources */ = {isa = PBXBuildFile; fileRef = 32DCD683191AE42000238362 /* BallTrail.sks */; };
		32DCD687191AE64C00238362 /* CCBall.m in Sources */ = {isa = PBXBuildFile; fileRef = 32DCD686191AE64C00238362 /* CCBall.m */; };
		32E0E5E819195984006CFC9B /* HaloExplosion.sks in Resources */ = {isa = PBXBuildFile; fileRef = 32E0E5E619195984006CFC9B /* HaloExplosion.sks */; };
		32E0E5E919195984006CFC9B /* spark.png in Resources */ = {isa = PBXBuildFile; fileRef = 32E0E5E719195984006CFC9B /* spark.png */; };
		32E0E5ED191970B2006CFC9B /* LifeBarExplosion.sks in Resources */ = {isa = PBXBuildFile; fileRef = 32E0E5EC191970B2006CFC9B /* LifeBarExplosion.sks */; };
		32E0E5EF1919721D006CFC9B /* HaloBounce.sks in Resources */ = {isa = PBXBuildFile; fileRef = 32E0E5EE1919721D006CFC9B /* HaloBounce.sks */; };
		32E0E5F61919881A006CFC9B /* Bounce.caf in Resources */ = {isa = PBXBuildFile; fileRef = 32E0E5F11919881A006CFC9B /* Bounce.caf */; };
		32E0E5F71919881A006CFC9B /* DeepExplosion.caf in Resources */ = {isa = PBXBuildFile; fileRef = 32E0E5F21919881A006CFC9B /* DeepExplosion.caf */; };
		32E0E5F81919881A006CFC9B /* Explosion.caf in Resources */ = {isa = PBXBuildFile; fileRef = 32E0E5F31919881A006CFC9B /* Explosion.caf */; };
		32E0E5F91919881A006CFC9B /* Laser.caf in Resources */ = {isa = PBXBuildFile; fileRef = 32E0E5F41919881A006CFC9B /* Laser.caf */; };
		32E0E5FA1919881A006CFC9B /* Zap.caf in Resources */ = {isa = PBXBuildFile; fileRef = 32E0E5F51919881A006CFC9B /* Zap.caf */; };
		32E0E5FE19198BCC006CFC9B /* Title@2x.png in Resources */ = {isa = PBXBuildFile; fileRef = 32E0E5FB19198BCC006CFC9B /* Title@2x.png */; };
		32E0E5FF19198BCC006CFC9B /* ScoreBoard@2x.png in Resources */ = {isa = PBXBuildFile; fileRef = 32E0E5FC19198BCC006CFC9B /* ScoreBoard@2x.png */; };
		32E0E60019198BCC006CFC9B /* PlayButton@2x.png in Resources */ = {isa = PBXBuildFile; fileRef = 32E0E5FD19198BCC006CFC9B /* PlayButton@2x.png */; };
		32E0E60319198EC3006CFC9B /* CCMenu.m in Sources */ = {isa = PBXBuildFile; fileRef = 32E0E60219198EC3006CFC9B /* CCMenu.m */; };
		32E41954191D4A2A005B885E /* GreenCannon@2x.png in Resources */ = {isa = PBXBuildFile; fileRef = 32E41952191D4A2A005B885E /* GreenCannon@2x.png */; };
		32E41955191D4A2A005B885E /* MultiShotPowerUp@2x.png in Resources */ = {isa = PBXBuildFile; fileRef = 32E41953191D4A2A005B885E /* MultiShotPowerUp@2x.png */; };
		32E41958191D662F005B885E /* PauseButton@2x.png in Resources */ = {isa = PBXBuildFile; fileRef = 32E41956191D662F005B885E /* PauseButton@2x.png */; };
		32E41959191D662F005B885E /* ResumeButton@2x.png in Resources */ = {isa = PBXBuildFile; fileRef = 32E41957191D662F005B885E /* ResumeButton@2x.png */; };
		32E4195C191D7790005B885E /* ObservingTheStar.caf in Resources */ = {isa = PBXBuildFile; fileRef = 32E4195B191D7790005B885E /* ObservingTheStar.caf */; };
/* End PBXBuildFile section */

/* Begin PBXContainerItemProxy section */
		3249C2B61913E17F00E99813 /* PBXContainerItemProxy */ = {
			isa = PBXContainerItemProxy;
			containerPortal = 3249C2811913E17F00E99813 /* Project object */;
			proxyType = 1;
			remoteGlobalIDString = 3249C2881913E17F00E99813;
			remoteInfo = "Space Cannon";
		};
/* End PBXContainerItemProxy section */

/* Begin PBXFileReference section */
		3249C2891913E17F00E99813 /* Space Cannon.app */ = {isa = PBXFileReference; explicitFileType = wrapper.application; includeInIndex = 0; path = "Space Cannon.app"; sourceTree = BUILT_PRODUCTS_DIR; };
		3249C28C1913E17F00E99813 /* Foundation.framework */ = {isa = PBXFileReference; lastKnownFileType = wrapper.framework; name = Foundation.framework; path = System/Library/Frameworks/Foundation.framework; sourceTree = SDKROOT; };
		3249C28E1913E17F00E99813 /* CoreGraphics.framework */ = {isa = PBXFileReference; lastKnownFileType = wrapper.framework; name = CoreGraphics.framework; path = System/Library/Frameworks/CoreGraphics.framework; sourceTree = SDKROOT; };
		3249C2901913E17F00E99813 /* UIKit.framework */ = {isa = PBXFileReference; lastKnownFileType = wrapper.framework; name = UIKit.framework; path = System/Library/Frameworks/UIKit.framework; sourceTree = SDKROOT; };
		3249C2921913E17F00E99813 /* SpriteKit.framework */ = {isa = PBXFileReference; lastKnownFileType = wrapper.framework; name = SpriteKit.framework; path = System/Library/Frameworks/SpriteKit.framework; sourceTree = SDKROOT; };
		3249C2961913E17F00E99813 /* Space Cannon-Info.plist */ = {isa = PBXFileReference; lastKnownFileType = text.plist.xml; path = "Space Cannon-Info.plist"; sourceTree = "<group>"; };
		3249C2981913E17F00E99813 /* en */ = {isa = PBXFileReference; lastKnownFileType = text.plist.strings; name = en; path = en.lproj/InfoPlist.strings; sourceTree = "<group>"; };
		3249C29A1913E17F00E99813 /* main.m */ = {isa = PBXFileReference; lastKnownFileType = sourcecode.c.objc; path = main.m; sourceTree = "<group>"; };
		3249C29C1913E17F00E99813 /* Space Cannon-Prefix.pch */ = {isa = PBXFileReference; lastKnownFileType = sourcecode.c.h; path = "Space Cannon-Prefix.pch"; sourceTree = "<group>"; };
		3249C29D1913E17F00E99813 /* CCAppDelegate.h */ = {isa = PBXFileReference; lastKnownFileType = sourcecode.c.h; path = CCAppDelegate.h; sourceTree = "<group>"; };
		3249C29E1913E17F00E99813 /* CCAppDelegate.m */ = {isa = PBXFileReference; lastKnownFileType = sourcecode.c.objc; path = CCAppDelegate.m; sourceTree = "<group>"; };
		3249C2A11913E17F00E99813 /* Base */ = {isa = PBXFileReference; lastKnownFileType = file.storyboard; name = Base; path = Base.lproj/Main.storyboard; sourceTree = "<group>"; };
		3249C2A31913E17F00E99813 /* CCViewController.h */ = {isa = PBXFileReference; lastKnownFileType = sourcecode.c.h; path = CCViewController.h; sourceTree = "<group>"; };
		3249C2A41913E17F00E99813 /* CCViewController.m */ = {isa = PBXFileReference; lastKnownFileType = sourcecode.c.objc; path = CCViewController.m; sourceTree = "<group>"; };
		3249C2A61913E17F00E99813 /* CCMyScene.h */ = {isa = PBXFileReference; lastKnownFileType = sourcecode.c.h; path = CCMyScene.h; sourceTree = "<group>"; };
		3249C2A71913E17F00E99813 /* CCMyScene.m */ = {isa = PBXFileReference; lastKnownFileType = sourcecode.c.objc; path = CCMyScene.m; sourceTree = "<group>"; };
		3249C2AB1913E17F00E99813 /* Images.xcassets */ = {isa = PBXFileReference; lastKnownFileType = folder.assetcatalog; path = Images.xcassets; sourceTree = "<group>"; };
		3249C2B11913E17F00E99813 /* Space CannonTests.xctest */ = {isa = PBXFileReference; explicitFileType = wrapper.cfbundle; includeInIndex = 0; path = "Space CannonTests.xctest"; sourceTree = BUILT_PRODUCTS_DIR; };
		3249C2B21913E17F00E99813 /* XCTest.framework */ = {isa = PBXFileReference; lastKnownFileType = wrapper.framework; name = XCTest.framework; path = Library/Frameworks/XCTest.framework; sourceTree = DEVELOPER_DIR; };
		3249C2BA1913E17F00E99813 /* Space CannonTests-Info.plist */ = {isa = PBXFileReference; lastKnownFileType = text.plist.xml; path = "Space CannonTests-Info.plist"; sourceTree = "<group>"; };
		3249C2BC1913E17F00E99813 /* en */ = {isa = PBXFileReference; lastKnownFileType = text.plist.strings; name = en; path = en.lproj/InfoPlist.strings; sourceTree = "<group>"; };
		3249C2BE1913E17F00E99813 /* Space_CannonTests.m */ = {isa = PBXFileReference; lastKnownFileType = sourcecode.c.objc; path = Space_CannonTests.m; sourceTree = "<group>"; };
		3249C2C91913E1FF00E99813 /* Ammo0@2x.png */ = {isa = PBXFileReference; lastKnownFileType = image.png; path = "Ammo0@2x.png"; sourceTree = "<group>"; };
		3249C2CA1913E1FF00E99813 /* Ammo1@2x.png */ = {isa = PBXFileReference; lastKnownFileType = image.png; path = "Ammo1@2x.png"; sourceTree = "<group>"; };
		3249C2CB1913E1FF00E99813 /* Ammo2@2x.png */ = {isa = PBXFileReference; lastKnownFileType = image.png; path = "Ammo2@2x.png"; sourceTree = "<group>"; };
		3249C2CC1913E1FF00E99813 /* Ammo3@2x.png */ = {isa = PBXFileReference; lastKnownFileType = image.png; path = "Ammo3@2x.png"; sourceTree = "<group>"; };
		3249C2CD1913E1FF00E99813 /* Ammo4@2x.png */ = {isa = PBXFileReference; lastKnownFileType = image.png; path = "Ammo4@2x.png"; sourceTree = "<group>"; };
		3249C2CE1913E1FF00E99813 /* Ammo5@2x.png */ = {isa = PBXFileReference; lastKnownFileType = image.png; path = "Ammo5@2x.png"; sourceTree = "<group>"; };
		3249C2CF1913E1FF00E99813 /* Ball@2x.png */ = {isa = PBXFileReference; lastKnownFileType = image.png; path = "Ball@2x.png"; sourceTree = "<group>"; };
		3249C2D01913E1FF00E99813 /* Block@2x.png */ = {isa = PBXFileReference; lastKnownFileType = image.png; path = "Block@2x.png"; sourceTree = "<group>"; };
		3249C2D11913E1FF00E99813 /* BlueBar@2x.png */ = {isa = PBXFileReference; lastKnownFileType = image.png; path = "BlueBar@2x.png"; sourceTree = "<group>"; };
		3249C2D21913E1FF00E99813 /* Cannon@2x.png */ = {isa = PBXFileReference; lastKnownFileType = image.png; path = "Cannon@2x.png"; sourceTree = "<group>"; };
		3249C2D31913E1FF00E99813 /* Halo@2x.png */ = {isa = PBXFileReference; lastKnownFileType = image.png; path = "Halo@2x.png"; sourceTree = "<group>"; };
		3249C2D41913E1FF00E99813 /* Starfield@2x.png */ = {isa = PBXFileReference; lastKnownFileType = image.png; path = "Starfield@2x.png"; sourceTree = "<group>"; };
		32D73ADC191BF789009761B1 /* HaloX@2x.png */ = {isa = PBXFileReference; lastKnownFileType = image.png; path = "HaloX@2x.png"; sourceTree = "<group>"; };
		32D73ADE191C01CC009761B1 /* HaloBomb@2x.png */ = {isa = PBXFileReference; lastKnownFileType = image.png; path = "HaloBomb@2x.png"; sourceTree = "<group>"; };
		32D73AE1191C2EC9009761B1 /* ShieldUp.caf */ = {isa = PBXFileReference; lastKnownFileType = file; path = ShieldUp.caf; sourceTree = "<group>"; };
		32DCD683191AE42000238362 /* BallTrail.sks */ = {isa = PBXFileReference; lastKnownFileType = file.sks; path = BallTrail.sks; sourceTree = "<group>"; };
		32DCD685191AE64C00238362 /* CCBall.h */ = {isa = PBXFileReference; fileEncoding = 4; lastKnownFileType = sourcecode.c.h; path = CCBall.h; sourceTree = "<group>"; };
		32DCD686191AE64C00238362 /* CCBall.m */ = {isa = PBXFileReference; fileEncoding = 4; lastKnownFileType = sourcecode.c.objc; path = CCBall.m; sourceTree = "<group>"; };
		32E0E5E619195984006CFC9B /* HaloExplosion.sks */ = {isa = PBXFileReference; lastKnownFileType = file.sks; path = HaloExplosion.sks; sourceTree = "<group>"; };
		32E0E5E719195984006CFC9B /* spark.png */ = {isa = PBXFileReference; lastKnownFileType = image.png; path = spark.png; sourceTree = "<group>"; };
		32E0E5EC191970B2006CFC9B /* LifeBarExplosion.sks */ = {isa = PBXFileReference; lastKnownFileType = file.sks; path = LifeBarExplosion.sks; sourceTree = "<group>"; };
		32E0E5EE1919721D006CFC9B /* HaloBounce.sks */ = {isa = PBXFileReference; lastKnownFileType = file.sks; path = HaloBounce.sks; sourceTree = "<group>"; };
		32E0E5F11919881A006CFC9B /* Bounce.caf */ = {isa = PBXFileReference; lastKnownFileType = file; path = Bounce.caf; sourceTree = "<group>"; };
		32E0E5F21919881A006CFC9B /* DeepExplosion.caf */ = {isa = PBXFileReference; lastKnownFileType = file; path = DeepExplosion.caf; sourceTree = "<group>"; };
		32E0E5F31919881A006CFC9B /* Explosion.caf */ = {isa = PBXFileReference; lastKnownFileType = file; path = Explosion.caf; sourceTree = "<group>"; };
		32E0E5F41919881A006CFC9B /* Laser.caf */ = {isa = PBXFileReference; lastKnownFileType = file; path = Laser.caf; sourceTree = "<group>"; };
		32E0E5F51919881A006CFC9B /* Zap.caf */ = {isa = PBXFileReference; lastKnownFileType = file; path = Zap.caf; sourceTree = "<group>"; };
		32E0E5FB19198BCC006CFC9B /* Title@2x.png */ = {isa = PBXFileReference; lastKnownFileType = image.png; path = "Title@2x.png"; sourceTree = "<group>"; };
		32E0E5FC19198BCC006CFC9B /* ScoreBoard@2x.png */ = {isa = PBXFileReference; lastKnownFileType = image.png; path = "ScoreBoard@2x.png"; sourceTree = "<group>"; };
		32E0E5FD19198BCC006CFC9B /* PlayButton@2x.png */ = {isa = PBXFileReference; lastKnownFileType = image.png; path = "PlayButton@2x.png"; sourceTree = "<group>"; };
		32E0E60119198EC3006CFC9B /* CCMenu.h */ = {isa = PBXFileReference; fileEncoding = 4; lastKnownFileType = sourcecode.c.h; path = CCMenu.h; sourceTree = "<group>"; };
		32E0E60219198EC3006CFC9B /* CCMenu.m */ = {isa = PBXFileReference; fileEncoding = 4; lastKnownFileType = sourcecode.c.objc; path = CCMenu.m; sourceTree = "<group>"; };
		32E41952191D4A2A005B885E /* GreenCannon@2x.png */ = {isa = PBXFileReference; lastKnownFileType = image.png; path = "GreenCannon@2x.png"; sourceTree = "<group>"; };
		32E41953191D4A2A005B885E /* MultiShotPowerUp@2x.png */ = {isa = PBXFileReference; lastKnownFileType = image.png; path = "MultiShotPowerUp@2x.png"; sourceTree = "<group>"; };
		32E41956191D662F005B885E /* PauseButton@2x.png */ = {isa = PBXFileReference; lastKnownFileType = image.png; path = "PauseButton@2x.png"; sourceTree = "<group>"; };
		32E41957191D662F005B885E /* ResumeButton@2x.png */ = {isa = PBXFileReference; lastKnownFileType = image.png; path = "ResumeButton@2x.png"; sourceTree = "<group>"; };
		32E4195B191D7790005B885E /* ObservingTheStar.caf */ = {isa = PBXFileReference; lastKnownFileType = file; path = ObservingTheStar.caf; sourceTree = "<group>"; };
/* End PBXFileReference section */

/* Begin PBXFrameworksBuildPhase section */
		3249C2861913E17F00E99813 /* Frameworks */ = {
			isa = PBXFrameworksBuildPhase;
			buildActionMask = 2147483647;
			files = (
				3249C28F1913E17F00E99813 /* CoreGraphics.framework in Frameworks */,
				3249C2911913E17F00E99813 /* UIKit.framework in Frameworks */,
				3249C2931913E17F00E99813 /* SpriteKit.framework in Frameworks */,
				3249C28D1913E17F00E99813 /* Foundation.framework in Frameworks */,
			);
			runOnlyForDeploymentPostprocessing = 0;
		};
		3249C2AE1913E17F00E99813 /* Frameworks */ = {
			isa = PBXFrameworksBuildPhase;
			buildActionMask = 2147483647;
			files = (
				3249C2B31913E17F00E99813 /* XCTest.framework in Frameworks */,
				3249C2B51913E17F00E99813 /* UIKit.framework in Frameworks */,
				3249C2B41913E17F00E99813 /* Foundation.framework in Frameworks */,
			);
			runOnlyForDeploymentPostprocessing = 0;
		};
/* End PBXFrameworksBuildPhase section */

/* Begin PBXGroup section */
		3249C2801913E17F00E99813 = {
			isa = PBXGroup;
			children = (
				3249C2941913E17F00E99813 /* Space Cannon */,
				3249C2B81913E17F00E99813 /* Space CannonTests */,
				3249C28B1913E17F00E99813 /* Frameworks */,
				3249C28A1913E17F00E99813 /* Products */,
			);
			sourceTree = "<group>";
		};
		3249C28A1913E17F00E99813 /* Products */ = {
			isa = PBXGroup;
			children = (
				3249C2891913E17F00E99813 /* Space Cannon.app */,
				3249C2B11913E17F00E99813 /* Space CannonTests.xctest */,
			);
			name = Products;
			sourceTree = "<group>";
		};
		3249C28B1913E17F00E99813 /* Frameworks */ = {
			isa = PBXGroup;
			children = (
				3249C28C1913E17F00E99813 /* Foundation.framework */,
				3249C28E1913E17F00E99813 /* CoreGraphics.framework */,
				3249C2901913E17F00E99813 /* UIKit.framework */,
				3249C2921913E17F00E99813 /* SpriteKit.framework */,
				3249C2B21913E17F00E99813 /* XCTest.framework */,
			);
			name = Frameworks;
			sourceTree = "<group>";
		};
		3249C2941913E17F00E99813 /* Space Cannon */ = {
			isa = PBXGroup;
			children = (
				32E0E5F01919881A006CFC9B /* Sounds */,
				3249C29D1913E17F00E99813 /* CCAppDelegate.h */,
				3249C29E1913E17F00E99813 /* CCAppDelegate.m */,
				3249C2A01913E17F00E99813 /* Main.storyboard */,
				3249C2A31913E17F00E99813 /* CCViewController.h */,
				3249C2A41913E17F00E99813 /* CCViewController.m */,
				3249C2A61913E17F00E99813 /* CCMyScene.h */,
				3249C2A71913E17F00E99813 /* CCMyScene.m */,
				3249C2C81913E1FF00E99813 /* space-cannon-assets */,
				3249C2AB1913E17F00E99813 /* Images.xcassets */,
				3249C2951913E17F00E99813 /* Supporting Files */,
				32E0E5E619195984006CFC9B /* HaloExplosion.sks */,
				32E0E5EE1919721D006CFC9B /* HaloBounce.sks */,
				32E0E5E719195984006CFC9B /* spark.png */,
				32E0E5EC191970B2006CFC9B /* LifeBarExplosion.sks */,
				32E0E60119198EC3006CFC9B /* CCMenu.h */,
				32E0E60219198EC3006CFC9B /* CCMenu.m */,
				32DCD683191AE42000238362 /* BallTrail.sks */,
				32DCD685191AE64C00238362 /* CCBall.h */,
				32DCD686191AE64C00238362 /* CCBall.m */,
			);
			path = "Space Cannon";
			sourceTree = "<group>";
		};
		3249C2951913E17F00E99813 /* Supporting Files */ = {
			isa = PBXGroup;
			children = (
				3249C2961913E17F00E99813 /* Space Cannon-Info.plist */,
				3249C2971913E17F00E99813 /* InfoPlist.strings */,
				3249C29A1913E17F00E99813 /* main.m */,
				3249C29C1913E17F00E99813 /* Space Cannon-Prefix.pch */,
			);
			name = "Supporting Files";
			sourceTree = "<group>";
		};
		3249C2B81913E17F00E99813 /* Space CannonTests */ = {
			isa = PBXGroup;
			children = (
				3249C2BE1913E17F00E99813 /* Space_CannonTests.m */,
				3249C2B91913E17F00E99813 /* Supporting Files */,
			);
			path = "Space CannonTests";
			sourceTree = "<group>";
		};
		3249C2B91913E17F00E99813 /* Supporting Files */ = {
			isa = PBXGroup;
			children = (
				3249C2BA1913E17F00E99813 /* Space CannonTests-Info.plist */,
				3249C2BB1913E17F00E99813 /* InfoPlist.strings */,
			);
			name = "Supporting Files";
			sourceTree = "<group>";
		};
		3249C2C81913E1FF00E99813 /* space-cannon-assets */ = {
			isa = PBXGroup;
			children = (
				32E41956191D662F005B885E /* PauseButton@2x.png */,
				32E41957191D662F005B885E /* ResumeButton@2x.png */,
				32E41952191D4A2A005B885E /* GreenCannon@2x.png */,
				32E41953191D4A2A005B885E /* MultiShotPowerUp@2x.png */,
				32D73ADE191C01CC009761B1 /* HaloBomb@2x.png */,
				32D73ADC191BF789009761B1 /* HaloX@2x.png */,
				32E0E5FB19198BCC006CFC9B /* Title@2x.png */,
				32E0E5FC19198BCC006CFC9B /* ScoreBoard@2x.png */,
				32E0E5FD19198BCC006CFC9B /* PlayButton@2x.png */,
				3249C2C91913E1FF00E99813 /* Ammo0@2x.png */,
				3249C2CA1913E1FF00E99813 /* Ammo1@2x.png */,
				3249C2CB1913E1FF00E99813 /* Ammo2@2x.png */,
				3249C2CC1913E1FF00E99813 /* Ammo3@2x.png */,
				3249C2CD1913E1FF00E99813 /* Ammo4@2x.png */,
				3249C2CE1913E1FF00E99813 /* Ammo5@2x.png */,
				3249C2CF1913E1FF00E99813 /* Ball@2x.png */,
				3249C2D01913E1FF00E99813 /* Block@2x.png */,
				3249C2D11913E1FF00E99813 /* BlueBar@2x.png */,
				3249C2D21913E1FF00E99813 /* Cannon@2x.png */,
				3249C2D31913E1FF00E99813 /* Halo@2x.png */,
				3249C2D41913E1FF00E99813 /* Starfield@2x.png */,
			);
			path = "space-cannon-assets";
			sourceTree = "<group>";
		};
		32E0E5F01919881A006CFC9B /* Sounds */ = {
			isa = PBXGroup;
			children = (
				32E4195B191D7790005B885E /* ObservingTheStar.caf */,
				32D73AE1191C2EC9009761B1 /* ShieldUp.caf */,
				32E0E5F11919881A006CFC9B /* Bounce.caf */,
				32E0E5F21919881A006CFC9B /* DeepExplosion.caf */,
				32E0E5F31919881A006CFC9B /* Explosion.caf */,
				32E0E5F41919881A006CFC9B /* Laser.caf */,
				32E0E5F51919881A006CFC9B /* Zap.caf */,
			);
			path = Sounds;
			sourceTree = "<group>";
		};
/* End PBXGroup section */

/* Begin PBXNativeTarget section */
		3249C2881913E17F00E99813 /* Space Cannon */ = {
			isa = PBXNativeTarget;
			buildConfigurationList = 3249C2C21913E17F00E99813 /* Build configuration list for PBXNativeTarget "Space Cannon" */;
			buildPhases = (
				3249C2851913E17F00E99813 /* Sources */,
				3249C2861913E17F00E99813 /* Frameworks */,
				3249C2871913E17F00E99813 /* Resources */,
			);
			buildRules = (
			);
			dependencies = (
			);
			name = "Space Cannon";
			productName = "Space Cannon";
			productReference = 3249C2891913E17F00E99813 /* Space Cannon.app */;
			productType = "com.apple.product-type.application";
		};
		3249C2B01913E17F00E99813 /* Space CannonTests */ = {
			isa = PBXNativeTarget;
			buildConfigurationList = 3249C2C51913E17F00E99813 /* Build configuration list for PBXNativeTarget "Space CannonTests" */;
			buildPhases = (
				3249C2AD1913E17F00E99813 /* Sources */,
				3249C2AE1913E17F00E99813 /* Frameworks */,
				3249C2AF1913E17F00E99813 /* Resources */,
			);
			buildRules = (
			);
			dependencies = (
				3249C2B71913E17F00E99813 /* PBXTargetDependency */,
			);
			name = "Space CannonTests";
			productName = "Space CannonTests";
			productReference = 3249C2B11913E17F00E99813 /* Space CannonTests.xctest */;
			productType = "com.apple.product-type.bundle.unit-test";
		};
/* End PBXNativeTarget section */

/* Begin PBXProject section */
		3249C2811913E17F00E99813 /* Project object */ = {
			isa = PBXProject;
			attributes = {
				CLASSPREFIX = CC;
				LastUpgradeCheck = 0510;
				ORGANIZATIONNAME = "Raz Labs";
				TargetAttributes = {
					3249C2B01913E17F00E99813 = {
						TestTargetID = 3249C2881913E17F00E99813;
					};
				};
			};
			buildConfigurationList = 3249C2841913E17F00E99813 /* Build configuration list for PBXProject "Space Cannon" */;
			compatibilityVersion = "Xcode 3.2";
			developmentRegion = English;
			hasScannedForEncodings = 0;
			knownRegions = (
				en,
				Base,
			);
			mainGroup = 3249C2801913E17F00E99813;
			productRefGroup = 3249C28A1913E17F00E99813 /* Products */;
			projectDirPath = "";
			projectRoot = "";
			targets = (
				3249C2881913E17F00E99813 /* Space Cannon */,
				3249C2B01913E17F00E99813 /* Space CannonTests */,
			);
		};
/* End PBXProject section */

/* Begin PBXResourcesBuildPhase section */
		3249C2871913E17F00E99813 /* Resources */ = {
			isa = PBXResourcesBuildPhase;
			buildActionMask = 2147483647;
			files = (
				3249C2DF1913E1FF00E99813 /* Halo@2x.png in Resources */,
				32E0E5ED191970B2006CFC9B /* LifeBarExplosion.sks in Resources */,
				3249C2DD1913E1FF00E99813 /* BlueBar@2x.png in Resources */,
				32E41959191D662F005B885E /* ResumeButton@2x.png in Resources */,
				3249C2991913E17F00E99813 /* InfoPlist.strings in Resources */,
				3249C2DA1913E1FF00E99813 /* Ammo5@2x.png in Resources */,
				32D73AE2191C2EC9009761B1 /* ShieldUp.caf in Resources */,
				32D73ADD191BF789009761B1 /* HaloX@2x.png in Resources */,
				32E0E5F71919881A006CFC9B /* DeepExplosion.caf in Resources */,
				32E0E5FF19198BCC006CFC9B /* ScoreBoard@2x.png in Resources */,
				32E41955191D4A2A005B885E /* MultiShotPowerUp@2x.png in Resources */,
				3249C2D61913E1FF00E99813 /* Ammo1@2x.png in Resources */,
				32E0E5E819195984006CFC9B /* HaloExplosion.sks in Resources */,
				3249C2DB1913E1FF00E99813 /* Ball@2x.png in Resources */,
				3249C2AC1913E17F00E99813 /* Images.xcassets in Resources */,
				32DCD684191AE42000238362 /* BallTrail.sks in Resources */,
				3249C2D81913E1FF00E99813 /* Ammo3@2x.png in Resources */,
				3249C2A21913E17F00E99813 /* Main.storyboard in Resources */,
				32E41958191D662F005B885E /* PauseButton@2x.png in Resources */,
				3249C2D51913E1FF00E99813 /* Ammo0@2x.png in Resources */,
				32E0E60019198BCC006CFC9B /* PlayButton@2x.png in Resources */,
				3249C2D71913E1FF00E99813 /* Ammo2@2x.png in Resources */,
				3249C2DC1913E1FF00E99813 /* Block@2x.png in Resources */,
				32E0E5F91919881A006CFC9B /* Laser.caf in Resources */,
				32D73ADF191C01CC009761B1 /* HaloBomb@2x.png in Resources */,
				3249C2E01913E1FF00E99813 /* Starfield@2x.png in Resources */,
				32E4195C191D7790005B885E /* ObservingTheStar.caf in Resources */,
				32E0E5EF1919721D006CFC9B /* HaloBounce.sks in Resources */,
				32E0E5FA1919881A006CFC9B /* Zap.caf in Resources */,
				32E0E5FE19198BCC006CFC9B /* Title@2x.png in Resources */,
				3249C2DE1913E1FF00E99813 /* Cannon@2x.png in Resources */,
				32E0E5F81919881A006CFC9B /* Explosion.caf in Resources */,
				3249C2D91913E1FF00E99813 /* Ammo4@2x.png in Resources */,
				32E41954191D4A2A005B885E /* GreenCannon@2x.png in Resources */,
				32E0E5F61919881A006CFC9B /* Bounce.caf in Resources */,
				32E0E5E919195984006CFC9B /* spark.png in Resources */,
			);
			runOnlyForDeploymentPostprocessing = 0;
		};
		3249C2AF1913E17F00E99813 /* Resources */ = {
			isa = PBXResourcesBuildPhase;
			buildActionMask = 2147483647;
			files = (
				3249C2BD1913E17F00E99813 /* InfoPlist.strings in Resources */,
			);
			runOnlyForDeploymentPostprocessing = 0;
		};
/* End PBXResourcesBuildPhase section */

/* Begin PBXSourcesBuildPhase section */
		3249C2851913E17F00E99813 /* Sources */ = {
			isa = PBXSourcesBuildPhase;
			buildActionMask = 2147483647;
			files = (
				3249C2A81913E17F00E99813 /* CCMyScene.m in Sources */,
				3249C29F1913E17F00E99813 /* CCAppDelegate.m in Sources */,
				32DCD687191AE64C00238362 /* CCBall.m in Sources */,
				32E0E60319198EC3006CFC9B /* CCMenu.m in Sources */,
				3249C29B1913E17F00E99813 /* main.m in Sources */,
				3249C2A51913E17F00E99813 /* CCViewController.m in Sources */,
			);
			runOnlyForDeploymentPostprocessing = 0;
		};
		3249C2AD1913E17F00E99813 /* Sources */ = {
			isa = PBXSourcesBuildPhase;
			buildActionMask = 2147483647;
			files = (
				3249C2BF1913E17F00E99813 /* Space_CannonTests.m in Sources */,
			);
			runOnlyForDeploymentPostprocessing = 0;
		};
/* End PBXSourcesBuildPhase section */

/* Begin PBXTargetDependency section */
		3249C2B71913E17F00E99813 /* PBXTargetDependency */ = {
			isa = PBXTargetDependency;
			target = 3249C2881913E17F00E99813 /* Space Cannon */;
			targetProxy = 3249C2B61913E17F00E99813 /* PBXContainerItemProxy */;
		};
/* End PBXTargetDependency section */

/* Begin PBXVariantGroup section */
		3249C2971913E17F00E99813 /* InfoPlist.strings */ = {
			isa = PBXVariantGroup;
			children = (
				3249C2981913E17F00E99813 /* en */,
			);
			name = InfoPlist.strings;
			sourceTree = "<group>";
		};
		3249C2A01913E17F00E99813 /* Main.storyboard */ = {
			isa = PBXVariantGroup;
			children = (
				3249C2A11913E17F00E99813 /* Base */,
			);
			name = Main.storyboard;
			sourceTree = "<group>";
		};
		3249C2BB1913E17F00E99813 /* InfoPlist.strings */ = {
			isa = PBXVariantGroup;
			children = (
				3249C2BC1913E17F00E99813 /* en */,
			);
			name = InfoPlist.strings;
			sourceTree = "<group>";
		};
/* End PBXVariantGroup section */

/* Begin XCBuildConfiguration section */
		3249C2C01913E17F00E99813 /* Debug */ = {
			isa = XCBuildConfiguration;
			buildSettings = {
				ALWAYS_SEARCH_USER_PATHS = NO;
				CLANG_CXX_LANGUAGE_STANDARD = "gnu++0x";
				CLANG_CXX_LIBRARY = "libc++";
				CLANG_ENABLE_MODULES = YES;
				CLANG_ENABLE_OBJC_ARC = YES;
				CLANG_WARN_BOOL_CONVERSION = YES;
				CLANG_WARN_CONSTANT_CONVERSION = YES;
				CLANG_WARN_DIRECT_OBJC_ISA_USAGE = YES_ERROR;
				CLANG_WARN_EMPTY_BODY = YES;
				CLANG_WARN_ENUM_CONVERSION = YES;
				CLANG_WARN_INT_CONVERSION = YES;
				CLANG_WARN_OBJC_ROOT_CLASS = YES_ERROR;
				CLANG_WARN__DUPLICATE_METHOD_MATCH = YES;
				"CODE_SIGN_IDENTITY[sdk=iphoneos*]" = "iPhone Developer";
				COPY_PHASE_STRIP = NO;
				GCC_C_LANGUAGE_STANDARD = gnu99;
				GCC_DYNAMIC_NO_PIC = NO;
				GCC_OPTIMIZATION_LEVEL = 0;
				GCC_PREPROCESSOR_DEFINITIONS = (
					"DEBUG=1",
					"$(inherited)",
				);
				GCC_SYMBOLS_PRIVATE_EXTERN = NO;
				GCC_WARN_64_TO_32_BIT_CONVERSION = YES;
				GCC_WARN_ABOUT_RETURN_TYPE = YES_ERROR;
				GCC_WARN_UNDECLARED_SELECTOR = YES;
				GCC_WARN_UNINITIALIZED_AUTOS = YES_AGGRESSIVE;
				GCC_WARN_UNUSED_FUNCTION = YES;
				GCC_WARN_UNUSED_VARIABLE = YES;
				IPHONEOS_DEPLOYMENT_TARGET = 7.1;
				ONLY_ACTIVE_ARCH = YES;
				SDKROOT = iphoneos;
			};
			name = Debug;
		};
		3249C2C11913E17F00E99813 /* Release */ = {
			isa = XCBuildConfiguration;
			buildSettings = {
				ALWAYS_SEARCH_USER_PATHS = NO;
				CLANG_CXX_LANGUAGE_STANDARD = "gnu++0x";
				CLANG_CXX_LIBRARY = "libc++";
				CLANG_ENABLE_MODULES = YES;
				CLANG_ENABLE_OBJC_ARC = YES;
				CLANG_WARN_BOOL_CONVERSION = YES;
				CLANG_WARN_CONSTANT_CONVERSION = YES;
				CLANG_WARN_DIRECT_OBJC_ISA_USAGE = YES_ERROR;
				CLANG_WARN_EMPTY_BODY = YES;
				CLANG_WARN_ENUM_CONVERSION = YES;
				CLANG_WARN_INT_CONVERSION = YES;
				CLANG_WARN_OBJC_ROOT_CLASS = YES_ERROR;
				CLANG_WARN__DUPLICATE_METHOD_MATCH = YES;
				"CODE_SIGN_IDENTITY[sdk=iphoneos*]" = "iPhone Developer";
				COPY_PHASE_STRIP = YES;
				ENABLE_NS_ASSERTIONS = NO;
				GCC_C_LANGUAGE_STANDARD = gnu99;
				GCC_WARN_64_TO_32_BIT_CONVERSION = YES;
				GCC_WARN_ABOUT_RETURN_TYPE = YES_ERROR;
				GCC_WARN_UNDECLARED_SELECTOR = YES;
				GCC_WARN_UNINITIALIZED_AUTOS = YES_AGGRESSIVE;
				GCC_WARN_UNUSED_FUNCTION = YES;
				GCC_WARN_UNUSED_VARIABLE = YES;
				IPHONEOS_DEPLOYMENT_TARGET = 7.1;
				SDKROOT = iphoneos;
				VALIDATE_PRODUCT = YES;
			};
			name = Release;
		};
		3249C2C31913E17F00E99813 /* Debug */ = {
			isa = XCBuildConfiguration;
			buildSettings = {
				ASSETCATALOG_COMPILER_APPICON_NAME = AppIcon;
				ASSETCATALOG_COMPILER_LAUNCHIMAGE_NAME = LaunchImage;
				GCC_PRECOMPILE_PREFIX_HEADER = YES;
				GCC_PREFIX_HEADER = "Space Cannon/Space Cannon-Prefix.pch";
				INFOPLIST_FILE = "Space Cannon/Space Cannon-Info.plist";
				PRODUCT_NAME = "$(TARGET_NAME)";
				SPRITEKIT_TEXTURE_ATLAS_OUTPUT = YES;
				WRAPPER_EXTENSION = app;
			};
			name = Debug;
		};
		3249C2C41913E17F00E99813 /* Release */ = {
			isa = XCBuildConfiguration;
			buildSettings = {
				ASSETCATALOG_COMPILER_APPICON_NAME = AppIcon;
				ASSETCATALOG_COMPILER_LAUNCHIMAGE_NAME = LaunchImage;
				GCC_PRECOMPILE_PREFIX_HEADER = YES;
				GCC_PREFIX_HEADER = "Space Cannon/Space Cannon-Prefix.pch";
				INFOPLIST_FILE = "Space Cannon/Space Cannon-Info.plist";
				PRODUCT_NAME = "$(TARGET_NAME)";
				SPRITEKIT_TEXTURE_ATLAS_OUTPUT = YES;
				WRAPPER_EXTENSION = app;
			};
			name = Release;
		};
		3249C2C61913E17F00E99813 /* Debug */ = {
			isa = XCBuildConfiguration;
			buildSettings = {
				BUNDLE_LOADER = "$(BUILT_PRODUCTS_DIR)/Space Cannon.app/Space Cannon";
				FRAMEWORK_SEARCH_PATHS = (
					"$(SDKROOT)/Developer/Library/Frameworks",
					"$(inherited)",
					"$(DEVELOPER_FRAMEWORKS_DIR)",
				);
				GCC_PRECOMPILE_PREFIX_HEADER = YES;
				GCC_PREFIX_HEADER = "Space Cannon/Space Cannon-Prefix.pch";
				GCC_PREPROCESSOR_DEFINITIONS = (
					"DEBUG=1",
					"$(inherited)",
				);
				INFOPLIST_FILE = "Space CannonTests/Space CannonTests-Info.plist";
				PRODUCT_NAME = "$(TARGET_NAME)";
				TEST_HOST = "$(BUNDLE_LOADER)";
				WRAPPER_EXTENSION = xctest;
			};
			name = Debug;
		};
		3249C2C71913E17F00E99813 /* Release */ = {
			isa = XCBuildConfiguration;
			buildSettings = {
				BUNDLE_LOADER = "$(BUILT_PRODUCTS_DIR)/Space Cannon.app/Space Cannon";
				FRAMEWORK_SEARCH_PATHS = (
					"$(SDKROOT)/Developer/Library/Frameworks",
					"$(inherited)",
					"$(DEVELOPER_FRAMEWORKS_DIR)",
				);
				GCC_PRECOMPILE_PREFIX_HEADER = YES;
				GCC_PREFIX_HEADER = "Space Cannon/Space Cannon-Prefix.pch";
				INFOPLIST_FILE = "Space CannonTests/Space CannonTests-Info.plist";
				PRODUCT_NAME = "$(TARGET_NAME)";
				TEST_HOST = "$(BUNDLE_LOADER)";
				WRAPPER_EXTENSION = xctest;
			};
			name = Release;
		};
/* End XCBuildConfiguration section */

/* Begin XCConfigurationList section */
		3249C2841913E17F00E99813 /* Build configuration list for PBXProject "Space Cannon" */ = {
			isa = XCConfigurationList;
			buildConfigurations = (
				3249C2C01913E17F00E99813 /* Debug */,
				3249C2C11913E17F00E99813 /* Release */,
			);
			defaultConfigurationIsVisible = 0;
			defaultConfigurationName = Release;
		};
		3249C2C21913E17F00E99813 /* Build configuration list for PBXNativeTarget "Space Cannon" */ = {
			isa = XCConfigurationList;
			buildConfigurations = (
				3249C2C31913E17F00E99813 /* Debug */,
				3249C2C41913E17F00E99813 /* Release */,
			);
			defaultConfigurationIsVisible = 0;
			defaultConfigurationName = Release;
		};
		3249C2C51913E17F00E99813 /* Build configuration list for PBXNativeTarget "Space CannonTests" */ = {
			isa = XCConfigurationList;
			buildConfigurations = (
				3249C2C61913E17F00E99813 /* Debug */,
				3249C2C71913E17F00E99813 /* Release */,
			);
			defaultConfigurationIsVisible = 0;
			defaultConfigurationName = Release;
		};
/* End XCConfigurationList section */
	};
	rootObject = 3249C2811913E17F00E99813 /* Project object */;
}
